<Solution>
  <Folder Name="/src/">
    <Project Path="src/Comments.Api/Comments.Api.csproj" />
    <Project Path="src/Comments.Domain/Comments.Domain.csproj" />
    <Project Path="src/Comments.Infrastructure/Comments.Infrastructure.csproj" />
  </Folder>
  <Folder Name="/tests/">
    <Project Path="tests/Comments.Tests/Comments.Tests.csproj" />
  </Folder>
</Solution>
